
Microsoft Visual Studio Solution File, Format Version 12.00
# Visual Studio Version 17
VisualStudioVersion = 17.9.34607.119
MinimumVisualStudioVersion = 10.0.40219.1
Project("{FAE04EC0-301F-11D3-BF4B-00C04F79EFBC}") = "Expense Tracker", "Expense Tracker\Expense Tracker.csproj", "{F5EC0681-4840-48A9-A316-F7FE06F1EFF1}"
EndProject
Global
	GlobalSection(SolutionConfigurationPlatforms) = preSolution
		Debug|Any CPU = Debug|Any CPU
		Release|Any CPU = Release|Any CPU
	EndGlobalSection
	GlobalSection(ProjectConfigurationPlatforms) = postSolution
		{F5EC0681-4840-48A9-A316-F7FE06F1EFF1}.Debug|Any CPU.ActiveCfg = Debug|Any CPU
		{F5EC0681-4840-48A9-A316-F7FE06F1EFF1}.Debug|Any CPU.Build.0 = Debug|Any CPU
		{F5EC0681-4840-48A9-A316-F7FE06F1EFF1}.Release|Any CPU.ActiveCfg = Release|Any CPU
		{F5EC0681-4840-48A9-A316-F7FE06F1EFF1}.Release|Any CPU.Build.0 = Release|Any CPU
	EndGlobalSection
	GlobalSection(SolutionProperties) = preSolution
		HideSolutionNode = FALSE
	EndGlobalSection
	GlobalSection(ExtensibilityGlobals) = postSolution
		SolutionGuid = {9CF40249-634A-4B7A-AC9B-AAE991807CFC}
	EndGlobalSection
EndGlobal
